# This file is autogenerated, do not edit; changes may be undone by the next 'dep ensure'.


[[projects]]
  branch = "master"
  digest = "1:973f43670b6a99eff066a59ecea17d8d00a3c49e090ed8724202ce478bdd976f"
  name = "github.com/denisenkom/go-mssqldb"
  packages = [
    ".",
    "internal/cp",
    "internal/decimal",
    "internal/querytext",
  ]
  pruneopts = "UT"
  revision = "b91950f658ecd54342d783495e1aadf48a55e967"

[[projects]]
  digest = "1:73770491417b7cb646b28610eec6481187aba7b5c3703da0d42f8d590d016f5f"
  name = "github.com/gofrs/uuid"
  packages = ["."]
  pruneopts = "UT"
  revision = "abfe1881e60ef34074c1b8d8c63b42565c356ed6"
  version = "v3.3.0"

[[projects]]
  branch = "master"
  digest = "1:914bae0d7af57d7f9c2c8eff864071e57c3effebd78eeef26eff4afb0372ed2f"
  name = "github.com/golang-sql/civil"
  packages = ["."]
  pruneopts = "UT"
  revision = "cb61b32ac6fe84d34b81730175f91965e43d0f90"

[[projects]]
  digest = "1:25ebe6496abb289ef977c081b2d49f56dd97c32db4ca083d37f95923909ced02"
  name = "github.com/gorilla/mux"
  packages = ["."]
  pruneopts = "UT"
  revision = "75dcda0896e109a2a22c9315bca3bb21b87b2ba5"
  version = "v1.7.4"

[[projects]]
  branch = "master"
  digest = "1:100a36e16f77aaad7c9144ab26bcefb92c5b6ebed5b137f935fdc11f541fa5b8"
  name = "golang.org/x/crypto"
  packages = ["md4"]
  pruneopts = "UT"
  revision = "75b288015ac94e66e3d6715fb68a9b41bf046ec2"

[solve-meta]
  analyzer-name = "dep"
  analyzer-version = 1
  input-imports = [
    "github.com/denisenkom/go-mssqldb",
    "github.com/gofrs/uuid",
    "github.com/gorilla/mux",
  ]
  solver-name = "gps-cdcl"
  solver-version = 1
